// !$*UTF8*$!
{
	archiveVersion = 1;
	classes = {
	};
	objectVersion = 50;
	objects = {

/* Begin PBXBuildFile section */
		84092960218C331900A37BEB /* MeViewModel.swift in Sources */ = {isa = PBXBuildFile; fileRef = 8409295F218C331900A37BEB /* MeViewModel.swift */; };
		84092962218C44E500A37BEB /* OrderListViewModel.swift in Sources */ = {isa = PBXBuildFile; fileRef = 84092961218C44E500A37BEB /* OrderListViewModel.swift */; };
		840A00022193EE710053C4D7 /* LoginController.swift in Sources */ = {isa = PBXBuildFile; fileRef = 840A00002193EE710053C4D7 /* LoginController.swift */; };
		840A00032193EE710053C4D7 /* LoginController.xib in Resources */ = {isa = PBXBuildFile; fileRef = 840A00012193EE710053C4D7 /* LoginController.xib */; };
		840A002621957E9E0053C4D7 /* ModifyUserInfoController.swift in Sources */ = {isa = PBXBuildFile; fileRef = 840A002421957E9E0053C4D7 /* ModifyUserInfoController.swift */; };
		840AFF7F21912C3B0053C4D7 /* Extension.swift in Sources */ = {isa = PBXBuildFile; fileRef = 840AFF7E21912C3B0053C4D7 /* Extension.swift */; };
		840AFF85219199780053C4D7 /* MainABI+Write.swift in Sources */ = {isa = PBXBuildFile; fileRef = 840AFF84219199780053C4D7 /* MainABI+Write.swift */; };
		840AFF872191B24C0053C4D7 /* MainABI+Read.swift in Sources */ = {isa = PBXBuildFile; fileRef = 840AFF862191B24C0053C4D7 /* MainABI+Read.swift */; };
		840AFF892192B90C0053C4D7 /* OrderViewModel.swift in Sources */ = {isa = PBXBuildFile; fileRef = 840AFF882192B90C0053C4D7 /* OrderViewModel.swift */; };
		840AFFFA2193CEE80053C4D7 /* PasswordGenerator.swift in Sources */ = {isa = PBXBuildFile; fileRef = 840AFFF92193CEE80053C4D7 /* PasswordGenerator.swift */; };
		840AFFFC2193D0B30053C4D7 /* KeyManager.swift in Sources */ = {isa = PBXBuildFile; fileRef = 840AFFFB2193D0B30053C4D7 /* KeyManager.swift */; };
		841B8B91218693CF00489693 /* MainABI.swift in Sources */ = {isa = PBXBuildFile; fileRef = 841B8B90218693CF00489693 /* MainABI.swift */; };
		841B8B9521869EC100489693 /* HouseDetailController.swift in Sources */ = {isa = PBXBuildFile; fileRef = 841B8B9421869EC100489693 /* HouseDetailController.swift */; };
		841B8B97218701D300489693 /* OrederDetailController.swift in Sources */ = {isa = PBXBuildFile; fileRef = 841B8B96218701D300489693 /* OrederDetailController.swift */; };
		841B8B992187053C00489693 /* DetailView.swift in Sources */ = {isa = PBXBuildFile; fileRef = 841B8B982187053C00489693 /* DetailView.swift */; };
		8424884F219050DD003A89FA /* MathWalletOperation.m in Sources */ = {isa = PBXBuildFile; fileRef = 84248846219050DD003A89FA /* MathWalletOperation.m */; };
		84248850219050DD003A89FA /* MathWalletAPI.m in Sources */ = {isa = PBXBuildFile; fileRef = 84248849219050DD003A89FA /* MathWalletAPI.m */; };
		84248851219050DD003A89FA /* MathWalletResp.m in Sources */ = {isa = PBXBuildFile; fileRef = 8424884B219050DD003A89FA /* MathWalletResp.m */; };
		84248852219050DD003A89FA /* MathWalletReq.m in Sources */ = {isa = PBXBuildFile; fileRef = 8424884E219050DD003A89FA /* MathWalletReq.m */; };
		8424885421905131003A89FA /* MathWalletOperation.swift in Sources */ = {isa = PBXBuildFile; fileRef = 8424885321905131003A89FA /* MathWalletOperation.swift */; };
		844C75C3218FEE5400ED64A3 /* HouseInfoController.swift in Sources */ = {isa = PBXBuildFile; fileRef = 844C75C1218FEE5400ED64A3 /* HouseInfoController.swift */; };
		844C75C4218FEE5400ED64A3 /* HouseInfoController.xib in Resources */ = {isa = PBXBuildFile; fileRef = 844C75C2218FEE5400ED64A3 /* HouseInfoController.xib */; };
		844C86E021815BAC00354186 /* AppDelegate.swift in Sources */ = {isa = PBXBuildFile; fileRef = 844C86DF21815BAC00354186 /* AppDelegate.swift */; };
		844C86E221815BAC00354186 /* ViewController.swift in Sources */ = {isa = PBXBuildFile; fileRef = 844C86E121815BAC00354186 /* ViewController.swift */; };
		844C86E521815BAC00354186 /* Main.storyboard in Resources */ = {isa = PBXBuildFile; fileRef = 844C86E321815BAC00354186 /* Main.storyboard */; };
		844C86E721815BAE00354186 /* Assets.xcassets in Resources */ = {isa = PBXBuildFile; fileRef = 844C86E621815BAE00354186 /* Assets.xcassets */; };
		844C86EA21815BAE00354186 /* LaunchScreen.storyboard in Resources */ = {isa = PBXBuildFile; fileRef = 844C86E821815BAE00354186 /* LaunchScreen.storyboard */; };
		844C86F621815F1B00354186 /* HouseListController.swift in Sources */ = {isa = PBXBuildFile; fileRef = 844C86F521815F1B00354186 /* HouseListController.swift */; };
		844C86FB2181687300354186 /* AppCommon.swift in Sources */ = {isa = PBXBuildFile; fileRef = 844C86FA2181687300354186 /* AppCommon.swift */; };
		84502A542187E61B004DED96 /* OrderListController.swift in Sources */ = {isa = PBXBuildFile; fileRef = 84502A532187E61B004DED96 /* OrderListController.swift */; };
		84502A562187FA5D004DED96 /* Main.json in Resources */ = {isa = PBXBuildFile; fileRef = 84502A552187FA5D004DED96 /* Main.json */; };
		84502A5821880223004DED96 /* CustomABI.swift in Sources */ = {isa = PBXBuildFile; fileRef = 84502A5721880223004DED96 /* CustomABI.swift */; };
		84530442218A9008001186BB /* PPS_ipfs.swift in Sources */ = {isa = PBXBuildFile; fileRef = 84530441218A9008001186BB /* PPS_ipfs.swift */; };
		845ABE332182BCA30010F290 /* Wallet.swift in Sources */ = {isa = PBXBuildFile; fileRef = 845ABE322182BCA30010F290 /* Wallet.swift */; };
		845ABE362182E2A40010F290 /* MeController.swift in Sources */ = {isa = PBXBuildFile; fileRef = 845ABE352182E2A40010F290 /* MeController.swift */; };
		845ABE3C2182E3780010F290 /* Model.swift in Sources */ = {isa = PBXBuildFile; fileRef = 845ABE3B2182E3780010F290 /* Model.swift */; };
		846144DA21993EB000B7B86A /* HouseDetailViewModel.swift in Sources */ = {isa = PBXBuildFile; fileRef = 846144D921993EB000B7B86A /* HouseDetailViewModel.swift */; };
		846144DC2199656400B7B86A /* HouseInfoViewModel.swift in Sources */ = {isa = PBXBuildFile; fileRef = 846144DB2199656400B7B86A /* HouseInfoViewModel.swift */; };
		8482B74E218B1016003E0C22 /* Model_request.swift in Sources */ = {isa = PBXBuildFile; fileRef = 8482B74D218B1016003E0C22 /* Model_request.swift */; };
		8482B750218B2432003E0C22 /* HouseListViewModel.swift in Sources */ = {isa = PBXBuildFile; fileRef = 8482B74F218B2432003E0C22 /* HouseListViewModel.swift */; };
		BC37B065A281F9745A6214B5 /* Pods_Web3SwiftDemo.framework in Frameworks */ = {isa = PBXBuildFile; fileRef = 663DC2BA589B5DFD8ECA9755 /* Pods_Web3SwiftDemo.framework */; };
/* End PBXBuildFile section */

/* Begin PBXFileReference section */
		4FD66615457213951F855FCC /* Pods-Web3SwiftDemo.debug.xcconfig */ = {isa = PBXFileReference; includeInIndex = 1; lastKnownFileType = text.xcconfig; name = "Pods-Web3SwiftDemo.debug.xcconfig"; path = "Pods/Target Support Files/Pods-Web3SwiftDemo/Pods-Web3SwiftDemo.debug.xcconfig"; sourceTree = "<group>"; };
		663DC2BA589B5DFD8ECA9755 /* Pods_Web3SwiftDemo.framework */ = {isa = PBXFileReference; explicitFileType = wrapper.framework; includeInIndex = 0; path = Pods_Web3SwiftDemo.framework; sourceTree = BUILT_PRODUCTS_DIR; };
		8409295F218C331900A37BEB /* MeViewModel.swift */ = {isa = PBXFileReference; lastKnownFileType = sourcecode.swift; path = MeViewModel.swift; sourceTree = "<group>"; };
		84092961218C44E500A37BEB /* OrderListViewModel.swift */ = {isa = PBXFileReference; lastKnownFileType = sourcecode.swift; path = OrderListViewModel.swift; sourceTree = "<group>"; };
		840A00002193EE710053C4D7 /* LoginController.swift */ = {isa = PBXFileReference; lastKnownFileType = sourcecode.swift; path = LoginController.swift; sourceTree = "<group>"; };
		840A00012193EE710053C4D7 /* LoginController.xib */ = {isa = PBXFileReference; lastKnownFileType = file.xib; path = LoginController.xib; sourceTree = "<group>"; };
		840A002421957E9E0053C4D7 /* ModifyUserInfoController.swift */ = {isa = PBXFileReference; lastKnownFileType = sourcecode.swift; path = ModifyUserInfoController.swift; sourceTree = "<group>"; };
		840AFF7E21912C3B0053C4D7 /* Extension.swift */ = {isa = PBXFileReference; lastKnownFileType = sourcecode.swift; path = Extension.swift; sourceTree = "<group>"; };
		840AFF84219199780053C4D7 /* MainABI+Write.swift */ = {isa = PBXFileReference; lastKnownFileType = sourcecode.swift; path = "MainABI+Write.swift"; sourceTree = "<group>"; };
		840AFF862191B24C0053C4D7 /* MainABI+Read.swift */ = {isa = PBXFileReference; lastKnownFileType = sourcecode.swift; path = "MainABI+Read.swift"; sourceTree = "<group>"; };
		840AFF882192B90C0053C4D7 /* OrderViewModel.swift */ = {isa = PBXFileReference; lastKnownFileType = sourcecode.swift; path = OrderViewModel.swift; sourceTree = "<group>"; };
		840AFFF92193CEE80053C4D7 /* PasswordGenerator.swift */ = {isa = PBXFileReference; fileEncoding = 4; lastKnownFileType = sourcecode.swift; path = PasswordGenerator.swift; sourceTree = "<group>"; };
		840AFFFB2193D0B30053C4D7 /* KeyManager.swift */ = {isa = PBXFileReference; lastKnownFileType = sourcecode.swift; path = KeyManager.swift; sourceTree = "<group>"; };
		841B8B90218693CF00489693 /* MainABI.swift */ = {isa = PBXFileReference; fileEncoding = 4; lastKnownFileType = sourcecode.swift; path = MainABI.swift; sourceTree = "<group>"; };
		841B8B9421869EC100489693 /* HouseDetailController.swift */ = {isa = PBXFileReference; lastKnownFileType = sourcecode.swift; path = HouseDetailController.swift; sourceTree = "<group>"; };
		841B8B96218701D300489693 /* OrederDetailController.swift */ = {isa = PBXFileReference; lastKnownFileType = sourcecode.swift; path = OrederDetailController.swift; sourceTree = "<group>"; };
		841B8B982187053C00489693 /* DetailView.swift */ = {isa = PBXFileReference; lastKnownFileType = sourcecode.swift; path = DetailView.swift; sourceTree = "<group>"; };
		84248845219050DD003A89FA /* MathWalletOperation.h */ = {isa = PBXFileReference; fileEncoding = 4; lastKnownFileType = sourcecode.c.h; path = MathWalletOperation.h; sourceTree = "<group>"; };
		84248846219050DD003A89FA /* MathWalletOperation.m */ = {isa = PBXFileReference; fileEncoding = 4; lastKnownFileType = sourcecode.c.objc; path = MathWalletOperation.m; sourceTree = "<group>"; };
		84248848219050DD003A89FA /* MathWalletResp.h */ = {isa = PBXFileReference; fileEncoding = 4; lastKnownFileType = sourcecode.c.h; path = MathWalletResp.h; sourceTree = "<group>"; };
		84248849219050DD003A89FA /* MathWalletAPI.m */ = {isa = PBXFileReference; fileEncoding = 4; lastKnownFileType = sourcecode.c.objc; path = MathWalletAPI.m; sourceTree = "<group>"; };
		8424884A219050DD003A89FA /* MathWalletReq.h */ = {isa = PBXFileReference; fileEncoding = 4; lastKnownFileType = sourcecode.c.h; path = MathWalletReq.h; sourceTree = "<group>"; };
		8424884B219050DD003A89FA /* MathWalletResp.m */ = {isa = PBXFileReference; fileEncoding = 4; lastKnownFileType = sourcecode.c.objc; path = MathWalletResp.m; sourceTree = "<group>"; };
		8424884C219050DD003A89FA /* MathWalletAPI.h */ = {isa = PBXFileReference; fileEncoding = 4; lastKnownFileType = sourcecode.c.h; path = MathWalletAPI.h; sourceTree = "<group>"; };
		8424884D219050DD003A89FA /* MathWalletSDK.h */ = {isa = PBXFileReference; fileEncoding = 4; lastKnownFileType = sourcecode.c.h; path = MathWalletSDK.h; sourceTree = "<group>"; };
		8424884E219050DD003A89FA /* MathWalletReq.m */ = {isa = PBXFileReference; fileEncoding = 4; lastKnownFileType = sourcecode.c.objc; path = MathWalletReq.m; sourceTree = "<group>"; };
		8424885321905131003A89FA /* MathWalletOperation.swift */ = {isa = PBXFileReference; lastKnownFileType = sourcecode.swift; path = MathWalletOperation.swift; sourceTree = "<group>"; };
		84248858219052DB003A89FA /* Web3SwiftDemo-Bridging-Header.h */ = {isa = PBXFileReference; lastKnownFileType = sourcecode.c.h; path = "Web3SwiftDemo-Bridging-Header.h"; sourceTree = "<group>"; };
		844C75C1218FEE5400ED64A3 /* HouseInfoController.swift */ = {isa = PBXFileReference; lastKnownFileType = sourcecode.swift; path = HouseInfoController.swift; sourceTree = "<group>"; };
		844C75C2218FEE5400ED64A3 /* HouseInfoController.xib */ = {isa = PBXFileReference; lastKnownFileType = file.xib; path = HouseInfoController.xib; sourceTree = "<group>"; };
		844C86DC21815BAC00354186 /* Web3SwiftDemo.app */ = {isa = PBXFileReference; explicitFileType = wrapper.application; includeInIndex = 0; path = Web3SwiftDemo.app; sourceTree = BUILT_PRODUCTS_DIR; };
		844C86DF21815BAC00354186 /* AppDelegate.swift */ = {isa = PBXFileReference; lastKnownFileType = sourcecode.swift; path = AppDelegate.swift; sourceTree = "<group>"; };
		844C86E121815BAC00354186 /* ViewController.swift */ = {isa = PBXFileReference; lastKnownFileType = sourcecode.swift; path = ViewController.swift; sourceTree = "<group>"; };
		844C86E421815BAC00354186 /* Base */ = {isa = PBXFileReference; lastKnownFileType = file.storyboard; name = Base; path = Base.lproj/Main.storyboard; sourceTree = "<group>"; };
		844C86E621815BAE00354186 /* Assets.xcassets */ = {isa = PBXFileReference; lastKnownFileType = folder.assetcatalog; path = Assets.xcassets; sourceTree = "<group>"; };
		844C86E921815BAE00354186 /* Base */ = {isa = PBXFileReference; lastKnownFileType = file.storyboard; name = Base; path = Base.lproj/LaunchScreen.storyboard; sourceTree = "<group>"; };
		844C86EB21815BAE00354186 /* Info.plist */ = {isa = PBXFileReference; lastKnownFileType = text.plist.xml; path = Info.plist; sourceTree = "<group>"; };
		844C86F521815F1B00354186 /* HouseListController.swift */ = {isa = PBXFileReference; lastKnownFileType = sourcecode.swift; path = HouseListController.swift; sourceTree = "<group>"; };
		844C86FA2181687300354186 /* AppCommon.swift */ = {isa = PBXFileReference; lastKnownFileType = sourcecode.swift; path = AppCommon.swift; sourceTree = "<group>"; };
		84502A532187E61B004DED96 /* OrderListController.swift */ = {isa = PBXFileReference; lastKnownFileType = sourcecode.swift; path = OrderListController.swift; sourceTree = "<group>"; };
		84502A552187FA5D004DED96 /* Main.json */ = {isa = PBXFileReference; fileEncoding = 4; lastKnownFileType = text.json; path = Main.json; sourceTree = "<group>"; };
		84502A5721880223004DED96 /* CustomABI.swift */ = {isa = PBXFileReference; lastKnownFileType = sourcecode.swift; path = CustomABI.swift; sourceTree = "<group>"; };
		84530441218A9008001186BB /* PPS_ipfs.swift */ = {isa = PBXFileReference; lastKnownFileType = sourcecode.swift; path = PPS_ipfs.swift; sourceTree = "<group>"; };
		845ABE322182BCA30010F290 /* Wallet.swift */ = {isa = PBXFileReference; lastKnownFileType = sourcecode.swift; path = Wallet.swift; sourceTree = "<group>"; };
		845ABE352182E2A40010F290 /* MeController.swift */ = {isa = PBXFileReference; lastKnownFileType = sourcecode.swift; path = MeController.swift; sourceTree = "<group>"; };
		845ABE3B2182E3780010F290 /* Model.swift */ = {isa = PBXFileReference; lastKnownFileType = sourcecode.swift; path = Model.swift; sourceTree = "<group>"; };
		846144D921993EB000B7B86A /* HouseDetailViewModel.swift */ = {isa = PBXFileReference; lastKnownFileType = sourcecode.swift; path = HouseDetailViewModel.swift; sourceTree = "<group>"; };
		846144DB2199656400B7B86A /* HouseInfoViewModel.swift */ = {isa = PBXFileReference; lastKnownFileType = sourcecode.swift; path = HouseInfoViewModel.swift; sourceTree = "<group>"; };
		8482B74D218B1016003E0C22 /* Model_request.swift */ = {isa = PBXFileReference; lastKnownFileType = sourcecode.swift; path = Model_request.swift; sourceTree = "<group>"; };
		8482B74F218B2432003E0C22 /* HouseListViewModel.swift */ = {isa = PBXFileReference; lastKnownFileType = sourcecode.swift; path = HouseListViewModel.swift; sourceTree = "<group>"; };
		88F04C91F7AD523BA50D7C80 /* Pods-Web3SwiftDemo.release.xcconfig */ = {isa = PBXFileReference; includeInIndex = 1; lastKnownFileType = text.xcconfig; name = "Pods-Web3SwiftDemo.release.xcconfig"; path = "Pods/Target Support Files/Pods-Web3SwiftDemo/Pods-Web3SwiftDemo.release.xcconfig"; sourceTree = "<group>"; };
/* End PBXFileReference section */

/* Begin PBXFrameworksBuildPhase section */
		844C86D921815BAC00354186 /* Frameworks */ = {
			isa = PBXFrameworksBuildPhase;
			buildActionMask = 2147483647;
			files = (
				BC37B065A281F9745A6214B5 /* Pods_Web3SwiftDemo.framework in Frameworks */,
			);
			runOnlyForDeploymentPostprocessing = 0;
		};
/* End PBXFrameworksBuildPhase section */

/* Begin PBXGroup section */
		4B4D88E760FE6DA0080B0968 /* Pods */ = {
			isa = PBXGroup;
			children = (
				4FD66615457213951F855FCC /* Pods-Web3SwiftDemo.debug.xcconfig */,
				88F04C91F7AD523BA50D7C80 /* Pods-Web3SwiftDemo.release.xcconfig */,
			);
			name = Pods;
			sourceTree = "<group>";
		};
		71B3117D2F700308949C1738 /* Frameworks */ = {
			isa = PBXGroup;
			children = (
				663DC2BA589B5DFD8ECA9755 /* Pods_Web3SwiftDemo.framework */,
			);
			name = Frameworks;
			sourceTree = "<group>";
		};
		841B8B9A2187372200489693 /* IPFS */ = {
			isa = PBXGroup;
			children = (
				84530441218A9008001186BB /* PPS_ipfs.swift */,
			);
			path = IPFS;
			sourceTree = "<group>";
		};
		84248844219050DD003A89FA /* MathWallet */ = {
			isa = PBXGroup;
			children = (
				84248845219050DD003A89FA /* MathWalletOperation.h */,
				84248846219050DD003A89FA /* MathWalletOperation.m */,
				84248847219050DD003A89FA /* MathWalletSDK */,
				8424885321905131003A89FA /* MathWalletOperation.swift */,
			);
			path = MathWallet;
			sourceTree = "<group>";
		};
		84248847219050DD003A89FA /* MathWalletSDK */ = {
			isa = PBXGroup;
			children = (
				8424884C219050DD003A89FA /* MathWalletAPI.h */,
				84248849219050DD003A89FA /* MathWalletAPI.m */,
				8424884A219050DD003A89FA /* MathWalletReq.h */,
				8424884E219050DD003A89FA /* MathWalletReq.m */,
				84248848219050DD003A89FA /* MathWalletResp.h */,
				8424884B219050DD003A89FA /* MathWalletResp.m */,
				8424884D219050DD003A89FA /* MathWalletSDK.h */,
			);
			path = MathWalletSDK;
			sourceTree = "<group>";
		};
		844C86D321815BAC00354186 = {
			isa = PBXGroup;
			children = (
				844C86DE21815BAC00354186 /* Web3SwiftDemo */,
				844C86DD21815BAC00354186 /* Products */,
				4B4D88E760FE6DA0080B0968 /* Pods */,
				71B3117D2F700308949C1738 /* Frameworks */,
			);
			sourceTree = "<group>";
		};
		844C86DD21815BAC00354186 /* Products */ = {
			isa = PBXGroup;
			children = (
				844C86DC21815BAC00354186 /* Web3SwiftDemo.app */,
			);
			name = Products;
			sourceTree = "<group>";
		};
		844C86DE21815BAC00354186 /* Web3SwiftDemo */ = {
			isa = PBXGroup;
			children = (
				84248844219050DD003A89FA /* MathWallet */,
				8482B751218B243A003E0C22 /* ViewModel */,
				841B8B9A2187372200489693 /* IPFS */,
				845ABE3A2182E3580010F290 /* Model */,
				845ABE312182BC460010F290 /* ABI */,
				844C86F221815DDE00354186 /* UI */,
				844C86F121815DA600354186 /* Common */,
				844C86DF21815BAC00354186 /* AppDelegate.swift */,
				844C86E121815BAC00354186 /* ViewController.swift */,
				844C86E321815BAC00354186 /* Main.storyboard */,
				844C86E621815BAE00354186 /* Assets.xcassets */,
				844C86E821815BAE00354186 /* LaunchScreen.storyboard */,
				844C86EB21815BAE00354186 /* Info.plist */,
				84248858219052DB003A89FA /* Web3SwiftDemo-Bridging-Header.h */,
			);
			path = Web3SwiftDemo;
			sourceTree = "<group>";
		};
		844C86F121815DA600354186 /* Common */ = {
			isa = PBXGroup;
			children = (
				844C86FA2181687300354186 /* AppCommon.swift */,
				840AFF7E21912C3B0053C4D7 /* Extension.swift */,
			);
			path = Common;
			sourceTree = "<group>";
		};
		844C86F221815DDE00354186 /* UI */ = {
			isa = PBXGroup;
			children = (
				846144DE219A5B7500B7B86A /* View */,
				846144DD219A5B6F00B7B86A /* Controller */,
			);
			path = UI;
			sourceTree = "<group>";
		};
		845ABE312182BC460010F290 /* ABI */ = {
			isa = PBXGroup;
			children = (
				840AFFF92193CEE80053C4D7 /* PasswordGenerator.swift */,
				845ABE322182BCA30010F290 /* Wallet.swift */,
				84502A5721880223004DED96 /* CustomABI.swift */,
				84502A552187FA5D004DED96 /* Main.json */,
				841B8B90218693CF00489693 /* MainABI.swift */,
				840AFF84219199780053C4D7 /* MainABI+Write.swift */,
				840AFF862191B24C0053C4D7 /* MainABI+Read.swift */,
				840AFFFB2193D0B30053C4D7 /* KeyManager.swift */,
			);
			path = ABI;
			sourceTree = "<group>";
		};
		845ABE3A2182E3580010F290 /* Model */ = {
			isa = PBXGroup;
			children = (
				845ABE3B2182E3780010F290 /* Model.swift */,
				8482B74D218B1016003E0C22 /* Model_request.swift */,
			);
			path = Model;
			sourceTree = "<group>";
		};
		846144DD219A5B6F00B7B86A /* Controller */ = {
			isa = PBXGroup;
			children = (
				840A002421957E9E0053C4D7 /* ModifyUserInfoController.swift */,
				840A00002193EE710053C4D7 /* LoginController.swift */,
				840A00012193EE710053C4D7 /* LoginController.xib */,
				845ABE352182E2A40010F290 /* MeController.swift */,
				844C86F521815F1B00354186 /* HouseListController.swift */,
				841B8B9421869EC100489693 /* HouseDetailController.swift */,
				84502A532187E61B004DED96 /* OrderListController.swift */,
				841B8B96218701D300489693 /* OrederDetailController.swift */,
				844C75C1218FEE5400ED64A3 /* HouseInfoController.swift */,
				844C75C2218FEE5400ED64A3 /* HouseInfoController.xib */,
			);
			path = Controller;
			sourceTree = "<group>";
		};
		846144DE219A5B7500B7B86A /* View */ = {
			isa = PBXGroup;
			children = (
				841B8B982187053C00489693 /* DetailView.swift */,
			);
			path = View;
			sourceTree = "<group>";
		};
		8482B751218B243A003E0C22 /* ViewModel */ = {
			isa = PBXGroup;
			children = (
				8482B74F218B2432003E0C22 /* HouseListViewModel.swift */,
				8409295F218C331900A37BEB /* MeViewModel.swift */,
				84092961218C44E500A37BEB /* OrderListViewModel.swift */,
				840AFF882192B90C0053C4D7 /* OrderViewModel.swift */,
				846144D921993EB000B7B86A /* HouseDetailViewModel.swift */,
				846144DB2199656400B7B86A /* HouseInfoViewModel.swift */,
			);
			path = ViewModel;
			sourceTree = "<group>";
		};
/* End PBXGroup section */

/* Begin PBXNativeTarget section */
		844C86DB21815BAC00354186 /* Web3SwiftDemo */ = {
			isa = PBXNativeTarget;
			buildConfigurationList = 844C86EE21815BAE00354186 /* Build configuration list for PBXNativeTarget "Web3SwiftDemo" */;
			buildPhases = (
				18276D8DB70A43104114251F /* [CP] Check Pods Manifest.lock */,
				844C86D821815BAC00354186 /* Sources */,
				844C86D921815BAC00354186 /* Frameworks */,
				844C86DA21815BAC00354186 /* Resources */,
				F748FD0A3779E15E0A5C1D32 /* [CP] Embed Pods Frameworks */,
			);
			buildRules = (
			);
			dependencies = (
			);
			name = Web3SwiftDemo;
			productName = Web3SwiftDemo;
			productReference = 844C86DC21815BAC00354186 /* Web3SwiftDemo.app */;
			productType = "com.apple.product-type.application";
		};
/* End PBXNativeTarget section */

/* Begin PBXProject section */
		844C86D421815BAC00354186 /* Project object */ = {
			isa = PBXProject;
			attributes = {
				LastSwiftUpdateCheck = 1000;
				LastUpgradeCheck = 1000;
				ORGANIZATIONNAME = admin;
				TargetAttributes = {
					844C86DB21815BAC00354186 = {
						CreatedOnToolsVersion = 10.0;
					};
				};
			};
			buildConfigurationList = 844C86D721815BAC00354186 /* Build configuration list for PBXProject "Web3SwiftDemo" */;
			compatibilityVersion = "Xcode 9.3";
			developmentRegion = en;
			hasScannedForEncodings = 0;
			knownRegions = (
				en,
				Base,
			);
			mainGroup = 844C86D321815BAC00354186;
			productRefGroup = 844C86DD21815BAC00354186 /* Products */;
			projectDirPath = "";
			projectRoot = "";
			targets = (
				844C86DB21815BAC00354186 /* Web3SwiftDemo */,
			);
		};
/* End PBXProject section */

/* Begin PBXResourcesBuildPhase section */
		844C86DA21815BAC00354186 /* Resources */ = {
			isa = PBXResourcesBuildPhase;
			buildActionMask = 2147483647;
			files = (
				844C86EA21815BAE00354186 /* LaunchScreen.storyboard in Resources */,
				840A00032193EE710053C4D7 /* LoginController.xib in Resources */,
				844C86E721815BAE00354186 /* Assets.xcassets in Resources */,
				844C75C4218FEE5400ED64A3 /* HouseInfoController.xib in Resources */,
				84502A562187FA5D004DED96 /* Main.json in Resources */,
				844C86E521815BAC00354186 /* Main.storyboard in Resources */,
			);
			runOnlyForDeploymentPostprocessing = 0;
		};
/* End PBXResourcesBuildPhase section */

/* Begin PBXShellScriptBuildPhase section */
		18276D8DB70A43104114251F /* [CP] Check Pods Manifest.lock */ = {
			isa = PBXShellScriptBuildPhase;
			buildActionMask = 2147483647;
			files = (
			);
			inputPaths = (
				"${PODS_PODFILE_DIR_PATH}/Podfile.lock",
				"${PODS_ROOT}/Manifest.lock",
			);
			name = "[CP] Check Pods Manifest.lock";
			outputPaths = (
				"$(DERIVED_FILE_DIR)/Pods-Web3SwiftDemo-checkManifestLockResult.txt",
			);
			runOnlyForDeploymentPostprocessing = 0;
			shellPath = /bin/sh;
			shellScript = "diff \"${PODS_PODFILE_DIR_PATH}/Podfile.lock\" \"${PODS_ROOT}/Manifest.lock\" > /dev/null\nif [ $? != 0 ] ; then\n    # print error to STDERR\n    echo \"error: The sandbox is not in sync with the Podfile.lock. Run 'pod install' or update your CocoaPods installation.\" >&2\n    exit 1\nfi\n# This output is used by Xcode 'outputs' to avoid re-running this script phase.\necho \"SUCCESS\" > \"${SCRIPT_OUTPUT_FILE_0}\"\n";
			showEnvVarsInLog = 0;
		};
		F748FD0A3779E15E0A5C1D32 /* [CP] Embed Pods Frameworks */ = {
			isa = PBXShellScriptBuildPhase;
			buildActionMask = 2147483647;
			files = (
			);
			inputPaths = (
				"${SRCROOT}/Pods/Target Support Files/Pods-Web3SwiftDemo/Pods-Web3SwiftDemo-frameworks.sh",
				"${BUILT_PRODUCTS_DIR}/Alamofire/Alamofire.framework",
				"${BUILT_PRODUCTS_DIR}/BigInt/BigInt.framework",
				"${BUILT_PRODUCTS_DIR}/CLLBasic/CLLBasic.framework",
				"${BUILT_PRODUCTS_DIR}/CLLHud/CLLHud.framework",
				"${BUILT_PRODUCTS_DIR}/CryptoSwift/CryptoSwift.framework",
				"${BUILT_PRODUCTS_DIR}/EthereumABI/EthereumABI.framework",
				"${BUILT_PRODUCTS_DIR}/EthereumAddress/EthereumAddress.framework",
				"${BUILT_PRODUCTS_DIR}/IpfsApi/Ipfs.framework",
				"${BUILT_PRODUCTS_DIR}/KeychainSwift/KeychainSwift.framework",
				"${BUILT_PRODUCTS_DIR}/MJRefresh/MJRefresh.framework",
				"${BUILT_PRODUCTS_DIR}/Moya/Moya.framework",
				"${BUILT_PRODUCTS_DIR}/ObjectMapper/ObjectMapper.framework",
				"${BUILT_PRODUCTS_DIR}/PromiseKit/PromiseKit.framework",
				"${BUILT_PRODUCTS_DIR}/Result/Result.framework",
				"${BUILT_PRODUCTS_DIR}/RxAtomic/RxAtomic.framework",
				"${BUILT_PRODUCTS_DIR}/RxSwift/RxSwift.framework",
				"${BUILT_PRODUCTS_DIR}/SipHash/SipHash.framework",
				"${BUILT_PRODUCTS_DIR}/SwiftRLP/SwiftRLP.framework",
				"${BUILT_PRODUCTS_DIR}/scrypt/scrypt.framework",
				"${BUILT_PRODUCTS_DIR}/secp256k1_swift/secp256k1_swift.framework",
				"${BUILT_PRODUCTS_DIR}/web3swift/Web3swift.framework",
			);
			name = "[CP] Embed Pods Frameworks";
			outputPaths = (
				"${TARGET_BUILD_DIR}/${FRAMEWORKS_FOLDER_PATH}/Alamofire.framework",
				"${TARGET_BUILD_DIR}/${FRAMEWORKS_FOLDER_PATH}/BigInt.framework",
				"${TARGET_BUILD_DIR}/${FRAMEWORKS_FOLDER_PATH}/CLLBasic.framework",
				"${TARGET_BUILD_DIR}/${FRAMEWORKS_FOLDER_PATH}/CLLHud.framework",
				"${TARGET_BUILD_DIR}/${FRAMEWORKS_FOLDER_PATH}/CryptoSwift.framework",
				"${TARGET_BUILD_DIR}/${FRAMEWORKS_FOLDER_PATH}/EthereumABI.framework",
				"${TARGET_BUILD_DIR}/${FRAMEWORKS_FOLDER_PATH}/EthereumAddress.framework",
				"${TARGET_BUILD_DIR}/${FRAMEWORKS_FOLDER_PATH}/Ipfs.framework",
				"${TARGET_BUILD_DIR}/${FRAMEWORKS_FOLDER_PATH}/KeychainSwift.framework",
				"${TARGET_BUILD_DIR}/${FRAMEWORKS_FOLDER_PATH}/MJRefresh.framework",
				"${TARGET_BUILD_DIR}/${FRAMEWORKS_FOLDER_PATH}/Moya.framework",
				"${TARGET_BUILD_DIR}/${FRAMEWORKS_FOLDER_PATH}/ObjectMapper.framework",
				"${TARGET_BUILD_DIR}/${FRAMEWORKS_FOLDER_PATH}/PromiseKit.framework",
				"${TARGET_BUILD_DIR}/${FRAMEWORKS_FOLDER_PATH}/Result.framework",
				"${TARGET_BUILD_DIR}/${FRAMEWORKS_FOLDER_PATH}/RxAtomic.framework",
				"${TARGET_BUILD_DIR}/${FRAMEWORKS_FOLDER_PATH}/RxSwift.framework",
				"${TARGET_BUILD_DIR}/${FRAMEWORKS_FOLDER_PATH}/SipHash.framework",
				"${TARGET_BUILD_DIR}/${FRAMEWORKS_FOLDER_PATH}/SwiftRLP.framework",
				"${TARGET_BUILD_DIR}/${FRAMEWORKS_FOLDER_PATH}/scrypt.framework",
				"${TARGET_BUILD_DIR}/${FRAMEWORKS_FOLDER_PATH}/secp256k1_swift.framework",
				"${TARGET_BUILD_DIR}/${FRAMEWORKS_FOLDER_PATH}/Web3swift.framework",
			);
			runOnlyForDeploymentPostprocessing = 0;
			shellPath = /bin/sh;
			shellScript = "\"${SRCROOT}/Pods/Target Support Files/Pods-Web3SwiftDemo/Pods-Web3SwiftDemo-frameworks.sh\"\n";
			showEnvVarsInLog = 0;
		};
/* End PBXShellScriptBuildPhase section */

/* Begin PBXSourcesBuildPhase section */
		844C86D821815BAC00354186 /* Sources */ = {
			isa = PBXSourcesBuildPhase;
			buildActionMask = 2147483647;
			files = (
				846144DA21993EB000B7B86A /* HouseDetailViewModel.swift in Sources */,
				840A00022193EE710053C4D7 /* LoginController.swift in Sources */,
				8424884F219050DD003A89FA /* MathWalletOperation.m in Sources */,
				844C86FB2181687300354186 /* AppCommon.swift in Sources */,
				840AFFFA2193CEE80053C4D7 /* PasswordGenerator.swift in Sources */,
				84248852219050DD003A89FA /* MathWalletReq.m in Sources */,
				844C86F621815F1B00354186 /* HouseListController.swift in Sources */,
				844C75C3218FEE5400ED64A3 /* HouseInfoController.swift in Sources */,
				845ABE332182BCA30010F290 /* Wallet.swift in Sources */,
				84092962218C44E500A37BEB /* OrderListViewModel.swift in Sources */,
				84248850219050DD003A89FA /* MathWalletAPI.m in Sources */,
				8424885421905131003A89FA /* MathWalletOperation.swift in Sources */,
				845ABE362182E2A40010F290 /* MeController.swift in Sources */,
				840AFFFC2193D0B30053C4D7 /* KeyManager.swift in Sources */,
				840AFF7F21912C3B0053C4D7 /* Extension.swift in Sources */,
				846144DC2199656400B7B86A /* HouseInfoViewModel.swift in Sources */,
				84502A542187E61B004DED96 /* OrderListController.swift in Sources */,
				84530442218A9008001186BB /* PPS_ipfs.swift in Sources */,
				840A002621957E9E0053C4D7 /* ModifyUserInfoController.swift in Sources */,
				840AFF85219199780053C4D7 /* MainABI+Write.swift in Sources */,
				8482B750218B2432003E0C22 /* HouseListViewModel.swift in Sources */,
				8482B74E218B1016003E0C22 /* Model_request.swift in Sources */,
				84092960218C331900A37BEB /* MeViewModel.swift in Sources */,
				84502A5821880223004DED96 /* CustomABI.swift in Sources */,
				844C86E221815BAC00354186 /* ViewController.swift in Sources */,
				840AFF892192B90C0053C4D7 /* OrderViewModel.swift in Sources */,
				841B8B992187053C00489693 /* DetailView.swift in Sources */,
				841B8B9521869EC100489693 /* HouseDetailController.swift in Sources */,
				844C86E021815BAC00354186 /* AppDelegate.swift in Sources */,
				840AFF872191B24C0053C4D7 /* MainABI+Read.swift in Sources */,
				845ABE3C2182E3780010F290 /* Model.swift in Sources */,
				841B8B97218701D300489693 /* OrederDetailController.swift in Sources */,
				84248851219050DD003A89FA /* MathWalletResp.m in Sources */,
				841B8B91218693CF00489693 /* MainABI.swift in Sources */,
			);
			runOnlyForDeploymentPostprocessing = 0;
		};
/* End PBXSourcesBuildPhase section */

/* Begin PBXVariantGroup section */
		844C86E321815BAC00354186 /* Main.storyboard */ = {
			isa = PBXVariantGroup;
			children = (
				844C86E421815BAC00354186 /* Base */,
			);
			name = Main.storyboard;
			sourceTree = "<group>";
		};
		844C86E821815BAE00354186 /* LaunchScreen.storyboard */ = {
			isa = PBXVariantGroup;
			children = (
				844C86E921815BAE00354186 /* Base */,
			);
			name = LaunchScreen.storyboard;
			sourceTree = "<group>";
		};
/* End PBXVariantGroup section */

/* Begin XCBuildConfiguration section */
		844C86EC21815BAE00354186 /* Debug */ = {
			isa = XCBuildConfiguration;
			buildSettings = {
				ALWAYS_SEARCH_USER_PATHS = NO;
				CLANG_ANALYZER_NONNULL = YES;
				CLANG_ANALYZER_NUMBER_OBJECT_CONVERSION = YES_AGGRESSIVE;
				CLANG_CXX_LANGUAGE_STANDARD = "gnu++14";
				CLANG_CXX_LIBRARY = "libc++";
				CLANG_ENABLE_MODULES = YES;
				CLANG_ENABLE_OBJC_ARC = YES;
				CLANG_ENABLE_OBJC_WEAK = YES;
				CLANG_WARN_BLOCK_CAPTURE_AUTORELEASING = YES;
				CLANG_WARN_BOOL_CONVERSION = YES;
				CLANG_WARN_COMMA = YES;
				CLANG_WARN_CONSTANT_CONVERSION = YES;
				CLANG_WARN_DEPRECATED_OBJC_IMPLEMENTATIONS = YES;
				CLANG_WARN_DIRECT_OBJC_ISA_USAGE = YES_ERROR;
				CLANG_WARN_DOCUMENTATION_COMMENTS = YES;
				CLANG_WARN_EMPTY_BODY = YES;
				CLANG_WARN_ENUM_CONVERSION = YES;
				CLANG_WARN_INFINITE_RECURSION = YES;
				CLANG_WARN_INT_CONVERSION = YES;
				CLANG_WARN_NON_LITERAL_NULL_CONVERSION = YES;
				CLANG_WARN_OBJC_IMPLICIT_RETAIN_SELF = YES;
				CLANG_WARN_OBJC_LITERAL_CONVERSION = YES;
				CLANG_WARN_OBJC_ROOT_CLASS = YES_ERROR;
				CLANG_WARN_RANGE_LOOP_ANALYSIS = YES;
				CLANG_WARN_STRICT_PROTOTYPES = YES;
				CLANG_WARN_SUSPICIOUS_MOVE = YES;
				CLANG_WARN_UNGUARDED_AVAILABILITY = YES_AGGRESSIVE;
				CLANG_WARN_UNREACHABLE_CODE = YES;
				CLANG_WARN__DUPLICATE_METHOD_MATCH = YES;
				CODE_SIGN_IDENTITY = "iPhone Developer";
				COPY_PHASE_STRIP = NO;
				DEBUG_INFORMATION_FORMAT = dwarf;
				ENABLE_STRICT_OBJC_MSGSEND = YES;
				ENABLE_TESTABILITY = YES;
				GCC_C_LANGUAGE_STANDARD = gnu11;
				GCC_DYNAMIC_NO_PIC = NO;
				GCC_NO_COMMON_BLOCKS = YES;
				GCC_OPTIMIZATION_LEVEL = 0;
				GCC_PREPROCESSOR_DEFINITIONS = (
					"DEBUG=1",
					"$(inherited)",
				);
				GCC_WARN_64_TO_32_BIT_CONVERSION = YES;
				GCC_WARN_ABOUT_RETURN_TYPE = YES_ERROR;
				GCC_WARN_UNDECLARED_SELECTOR = YES;
				GCC_WARN_UNINITIALIZED_AUTOS = YES_AGGRESSIVE;
				GCC_WARN_UNUSED_FUNCTION = YES;
				GCC_WARN_UNUSED_VARIABLE = YES;
				IPHONEOS_DEPLOYMENT_TARGET = 12.0;
				MTL_ENABLE_DEBUG_INFO = INCLUDE_SOURCE;
				MTL_FAST_MATH = YES;
				ONLY_ACTIVE_ARCH = YES;
				SDKROOT = iphoneos;
				SWIFT_ACTIVE_COMPILATION_CONDITIONS = DEBUG;
				SWIFT_OPTIMIZATION_LEVEL = "-Onone";
			};
			name = Debug;
		};
		844C86ED21815BAE00354186 /* Release */ = {
			isa = XCBuildConfiguration;
			buildSettings = {
				ALWAYS_SEARCH_USER_PATHS = NO;
				CLANG_ANALYZER_NONNULL = YES;
				CLANG_ANALYZER_NUMBER_OBJECT_CONVERSION = YES_AGGRESSIVE;
				CLANG_CXX_LANGUAGE_STANDARD = "gnu++14";
				CLANG_CXX_LIBRARY = "libc++";
				CLANG_ENABLE_MODULES = YES;
				CLANG_ENABLE_OBJC_ARC = YES;
				CLANG_ENABLE_OBJC_WEAK = YES;
				CLANG_WARN_BLOCK_CAPTURE_AUTORELEASING = YES;
				CLANG_WARN_BOOL_CONVERSION = YES;
				CLANG_WARN_COMMA = YES;
				CLANG_WARN_CONSTANT_CONVERSION = YES;
				CLANG_WARN_DEPRECATED_OBJC_IMPLEMENTATIONS = YES;
				CLANG_WARN_DIRECT_OBJC_ISA_USAGE = YES_ERROR;
				CLANG_WARN_DOCUMENTATION_COMMENTS = YES;
				CLANG_WARN_EMPTY_BODY = YES;
				CLANG_WARN_ENUM_CONVERSION = YES;
				CLANG_WARN_INFINITE_RECURSION = YES;
				CLANG_WARN_INT_CONVERSION = YES;
				CLANG_WARN_NON_LITERAL_NULL_CONVERSION = YES;
				CLANG_WARN_OBJC_IMPLICIT_RETAIN_SELF = YES;
				CLANG_WARN_OBJC_LITERAL_CONVERSION = YES;
				CLANG_WARN_OBJC_ROOT_CLASS = YES_ERROR;
				CLANG_WARN_RANGE_LOOP_ANALYSIS = YES;
				CLANG_WARN_STRICT_PROTOTYPES = YES;
				CLANG_WARN_SUSPICIOUS_MOVE = YES;
				CLANG_WARN_UNGUARDED_AVAILABILITY = YES_AGGRESSIVE;
				CLANG_WARN_UNREACHABLE_CODE = YES;
				CLANG_WARN__DUPLICATE_METHOD_MATCH = YES;
				CODE_SIGN_IDENTITY = "iPhone Developer";
				COPY_PHASE_STRIP = NO;
				DEBUG_INFORMATION_FORMAT = "dwarf-with-dsym";
				ENABLE_NS_ASSERTIONS = NO;
				ENABLE_STRICT_OBJC_MSGSEND = YES;
				GCC_C_LANGUAGE_STANDARD = gnu11;
				GCC_NO_COMMON_BLOCKS = YES;
				GCC_WARN_64_TO_32_BIT_CONVERSION = YES;
				GCC_WARN_ABOUT_RETURN_TYPE = YES_ERROR;
				GCC_WARN_UNDECLARED_SELECTOR = YES;
				GCC_WARN_UNINITIALIZED_AUTOS = YES_AGGRESSIVE;
				GCC_WARN_UNUSED_FUNCTION = YES;
				GCC_WARN_UNUSED_VARIABLE = YES;
				IPHONEOS_DEPLOYMENT_TARGET = 12.0;
				MTL_ENABLE_DEBUG_INFO = NO;
				MTL_FAST_MATH = YES;
				SDKROOT = iphoneos;
				SWIFT_COMPILATION_MODE = wholemodule;
				SWIFT_OPTIMIZATION_LEVEL = "-O";
				VALIDATE_PRODUCT = YES;
			};
			name = Release;
		};
		844C86EF21815BAE00354186 /* Debug */ = {
			isa = XCBuildConfiguration;
			baseConfigurationReference = 4FD66615457213951F855FCC /* Pods-Web3SwiftDemo.debug.xcconfig */;
			buildSettings = {
				ASSETCATALOG_COMPILER_APPICON_NAME = AppIcon;
				CODE_SIGN_IDENTITY = "iPhone Developer";
				CODE_SIGN_STYLE = Automatic;
				DEVELOPMENT_TEAM = MVG4E39EBK;
				INFOPLIST_FILE = Web3SwiftDemo/Info.plist;
				IPHONEOS_DEPLOYMENT_TARGET = 12.0;
				LD_RUNPATH_SEARCH_PATHS = (
					"$(inherited)",
					"@executable_path/Frameworks",
				);
				PRODUCT_BUNDLE_IDENTIFIER = com.LiananTech.Web3SwiftDemo;
				PRODUCT_NAME = "$(TARGET_NAME)";
				PROVISIONING_PROFILE_SPECIFIER = "";
				SWIFT_OBJC_BRIDGING_HEADER = "/Users/admin/GitHub/DoingDemo/Web3SwiftDemo/Web3SwiftDemo/Web3SwiftDemo-Bridging-Header.h";
				SWIFT_VERSION = 4.2;
				TARGETED_DEVICE_FAMILY = 1;
			};
			name = Debug;
		};
		844C86F021815BAE00354186 /* Release */ = {
			isa = XCBuildConfiguration;
			baseConfigurationReference = 88F04C91F7AD523BA50D7C80 /* Pods-Web3SwiftDemo.release.xcconfig */;
			buildSettings = {
				ASSETCATALOG_COMPILER_APPICON_NAME = AppIcon;
				CODE_SIGN_IDENTITY = "iPhone Developer";
				CODE_SIGN_STYLE = Automatic;
				DEVELOPMENT_TEAM = MVG4E39EBK;
				INFOPLIST_FILE = Web3SwiftDemo/Info.plist;
				IPHONEOS_DEPLOYMENT_TARGET = 12.0;
				LD_RUNPATH_SEARCH_PATHS = (
					"$(inherited)",
					"@executable_path/Frameworks",
				);
				PRODUCT_BUNDLE_IDENTIFIER = com.LiananTech.Web3SwiftDemo;
				PRODUCT_NAME = "$(TARGET_NAME)";
				PROVISIONING_PROFILE_SPECIFIER = "";
				SWIFT_OBJC_BRIDGING_HEADER = "/Users/admin/GitHub/DoingDemo/Web3SwiftDemo/Web3SwiftDemo/Web3SwiftDemo-Bridging-Header.h";
				SWIFT_VERSION = 4.2;
				TARGETED_DEVICE_FAMILY = 1;
			};
			name = Release;
		};
/* End XCBuildConfiguration section */

/* Begin XCConfigurationList section */
		844C86D721815BAC00354186 /* Build configuration list for PBXProject "Web3SwiftDemo" */ = {
			isa = XCConfigurationList;
			buildConfigurations = (
				844C86EC21815BAE00354186 /* Debug */,
				844C86ED21815BAE00354186 /* Release */,
			);
			defaultConfigurationIsVisible = 0;
			defaultConfigurationName = Release;
		};
		844C86EE21815BAE00354186 /* Build configuration list for PBXNativeTarget "Web3SwiftDemo" */ = {
			isa = XCConfigurationList;
			buildConfigurations = (
				844C86EF21815BAE00354186 /* Debug */,
				844C86F021815BAE00354186 /* Release */,
			);
			defaultConfigurationIsVisible = 0;
			defaultConfigurationName = Release;
		};
/* End XCConfigurationList section */
	};
	rootObject = 844C86D421815BAC00354186 /* Project object */;
}
